
Microsoft Visual Studio Solution File, Format Version 12.00
# Visual Studio Version 16
VisualStudioVersion = 16.0.31205.134
MinimumVisualStudioVersion = 10.0.40219.1
Project("{8BC9CEB8-8B4A-11D0-8D11-00A0C91BC942}") = "circulo", "circulo\circulo.vcxproj", "{684BEEF2-7D6A-4E8A-8C0D-676BFD0091DD}"
EndProject
Global
	GlobalSection(SolutionConfigurationPlatforms) = preSolution
		Debug|x64 = Debug|x64
		Debug|x86 = Debug|x86
		Release|x64 = Release|x64
		Release|x86 = Release|x86
	EndGlobalSection
	GlobalSection(ProjectConfigurationPlatforms) = postSolution
		{684BEEF2-7D6A-4E8A-8C0D-676BFD0091DD}.Debug|x64.ActiveCfg = Debug|x64
		{684BEEF2-7D6A-4E8A-8C0D-676BFD0091DD}.Debug|x64.Build.0 = Debug|x64
		{684BEEF2-7D6A-4E8A-8C0D-676BFD0091DD}.Debug|x86.ActiveCfg = Debug|Win32
		{684BEEF2-7D6A-4E8A-8C0D-676BFD0091DD}.Debug|x86.Build.0 = Debug|Win32
		{684BEEF2-7D6A-4E8A-8C0D-676BFD0091DD}.Release|x64.ActiveCfg = Release|x64
		{684BEEF2-7D6A-4E8A-8C0D-676BFD0091DD}.Release|x64.Build.0 = Release|x64
		{684BEEF2-7D6A-4E8A-8C0D-676BFD0091DD}.Release|x86.ActiveCfg = Release|Win32
		{684BEEF2-7D6A-4E8A-8C0D-676BFD0091DD}.Release|x86.Build.0 = Release|Win32
	EndGlobalSection
	GlobalSection(SolutionProperties) = preSolution
		HideSolutionNode = FALSE
	EndGlobalSection
	GlobalSection(ExtensibilityGlobals) = postSolution
		SolutionGuid = {116422A9-F98D-4E3E-9877-6AD54F223002}
	EndGlobalSection
EndGlobal
